<?xml version="1.0" encoding="utf-8"?>
<Project ToolsVersion="4.0" xmlns="http://schemas.microsoft.com/developer/msbuild/2003">
  <ItemGroup>
    <Filter Include="Source Files">
      <UniqueIdentifier>{38a247d7-efc1-4bfd-bf59-2418fe697909}</UniqueIdentifier>
      <Extensions>cpp;c;cc;cxx;def;odl;idl;hpj;bat;asm;asmx</Extensions>
    </Filter>
    <Filter Include="Header Files">
      <UniqueIdentifier>{6895d15c-50c6-4a7c-8e84-19c31bffa55d}</UniqueIdentifier>
      <Extensions>h;hh;hpp;hxx;hm;inl;inc;xsd</Extensions>
    </Filter>
    <Filter Include="Resource Files">
      <UniqueIdentifier>{052d0e97-cadb-4430-8921-422e9eb29f93}</UniqueIdentifier>
      <Extensions>rc;ico;cur;bmp;dlg;rc2;rct;bin;rgs;gif;jpg;jpeg;jpe;resx;tiff;tif;png;wav;mfcribbon-ms</Extensions>
    </Filter>
  </ItemGroup>
  <ItemGroup>
    <Text Include="ReadMe.txt" />
  </ItemGroup>
  <ItemGroup>
    <ClInclude Include="stdafx.h">
      <Filter>Header Files</Filter>
    </ClInclude>
    <ClInclude Include="targetver.h">
      <Filter>Header Files</Filter>
    </ClInclude>
    <ClInclude Include="Resource.h">
      <Filter>Header Files</Filter>
    </ClInclude>
    <ClInclude Include="GestureAnalyzer.h">
      <Filter>Header Files</Filter>
    </ClInclude>
  </ItemGroup>
  <ItemGroup>
    <ClCompile Include="stdafx.cpp">
      <Filter>Source Files</Filter>
    </ClCompile>
    <ClCompile Include="GestureAnalyzer.cpp">
      <Filter>Source Files</Filter>
    </ClCompile>
  </ItemGroup>
  <ItemGroup>
    <ResourceCompile Include="GestureAnalyzer.rc">
      <Filter>Resource Files</Filter>
    </ResourceCompile>
  </ItemGroup>
  <ItemGroup>
    <Image Include="small.ico">
      <Filter>Resource Files</Filter>
    </Image>
    <Image Include="GestureAnalyzer.ico">
      <Filter>Resource Files</Filter>
    </Image>
  </ItemGroup>
  <ItemGroup>
    <None Include="emgExperimentalData\gestureDetect.py" />
    <None Include="emgExperimentalData\processed.csv" />
    <None Include="emgExperimentalData\test.csv" />
    <None Include="emgExperimentalData\stacy\thumbsup\rawsamples1.txt.csv" />
    <None Include="emgExperimentalData\stacy\thumbsup\rawsamples2.txt.csv" />
    <None Include="emgExperimentalData\stacy\thumbsup\rawsamples3.txt.csv" />
    <None Include="emgExperimentalData\stacy\thumbsup\Samples1.txt.csv" />
    <None Include="emgExperimentalData\stacy\thumbsup\Samples1.txt.csv_total.csv" />
    <None Include="emgExperimentalData\stacy\thumbsup\Samples2.txt.csv" />
    <None Include="emgExperimentalData\stacy\thumbsup\Samples2.txt.csv_total.csv" />
    <None Include="emgExperimentalData\stacy\thumbsup\Samples3.txt.csv" />
    <None Include="emgExperimentalData\stacy\thumbsup\Samples3.txt.csv_total.csv" />
    <None Include="emgExperimentalData\stacy\peace\Samples3.txt.csv_total.csv" />
    <None Include="emgExperimentalData\stacy\peace\rawsamples1.txt.csv" />
    <None Include="emgExperimentalData\stacy\peace\rawsamples2.txt.csv" />
    <None Include="emgExperimentalData\stacy\peace\rawsamples3.txt.csv" />
    <None Include="emgExperimentalData\stacy\peace\Samples1.txt.csv" />
    <None Include="emgExperimentalData\stacy\peace\Samples1.txt.csv_total.csv" />
    <None Include="emgExperimentalData\stacy\peace\Samples2.txt.csv" />
    <None Include="emgExperimentalData\stacy\peace\Samples2.txt.csv_total.csv" />
    <None Include="emgExperimentalData\stacy\peace\Samples3.txt.csv" />
    <None Include="emgExperimentalData\stacy\fist\rawsamples1.txt.csv" />
    <None Include="emgExperimentalData\stacy\fist\rawsamples2.txt.csv" />
    <None Include="emgExperimentalData\stacy\fist\rawsamples3.txt.csv" />
    <None Include="emgExperimentalData\stacy\fist\Samples1.txt.csv" />
    <None Include="emgExperimentalData\stacy\fist\Samples1.txt.csv_total.csv" />
    <None Include="emgExperimentalData\stacy\fist\Samples2.txt.csv" />
    <None Include="emgExperimentalData\stacy\fist\Samples2.txt.csv_total.csv" />
    <None Include="emgExperimentalData\stacy\fist\Samples3.txt.csv" />
    <None Include="emgExperimentalData\stacy\fist\Samples3.txt.csv_total.csv" />
    <None Include="emgExperimentalData\stacy\horns\rawsamples1.txt.csv" />
    <None Include="emgExperimentalData\stacy\horns\rawsamples2.txt.csv" />
    <None Include="emgExperimentalData\stacy\horns\rawsamples3.txt.csv" />
    <None Include="emgExperimentalData\stacy\horns\Samples1.txt.csv" />
    <None Include="emgExperimentalData\stacy\horns\Samples1.txt.csv_total.csv" />
    <None Include="emgExperimentalData\stacy\horns\Samples2.txt.csv" />
    <None Include="emgExperimentalData\stacy\horns\Samples2.txt.csv_total.csv" />
    <None Include="emgExperimentalData\stacy\horns\Samples3.txt.csv" />
    <None Include="emgExperimentalData\stacy\horns\Samples3.txt.csv_total.csv" />
    <None Include="emgExperimentalData\ahmed\clockwise\rawsamples1.txt.csv" />
    <None Include="emgExperimentalData\ahmed\clockwise\rawsamples2.txt.csv" />
    <None Include="emgExperimentalData\ahmed\clockwise\rawsamples3.txt.csv" />
    <None Include="emgExperimentalData\ahmed\clockwise\Samples1.txt.csv" />
    <None Include="emgExperimentalData\ahmed\clockwise\Samples1.txt.csv_total.csv" />
    <None Include="emgExperimentalData\ahmed\clockwise\Samples2.txt.csv" />
    <None Include="emgExperimentalData\ahmed\clockwise\Samples2.txt.csv_total.csv" />
    <None Include="emgExperimentalData\ahmed\clockwise\Samples3.txt.csv" />
    <None Include="emgExperimentalData\ahmed\clockwise\Samples3.txt.csv_total.csv" />
    <None Include="emgExperimentalData\ahmed\counterclockwise\rawsamples1.txt.csv" />
    <None Include="emgExperimentalData\ahmed\counterclockwise\rawsamples2.txt.csv" />
    <None Include="emgExperimentalData\ahmed\counterclockwise\rawsamples3.txt.csv" />
    <None Include="emgExperimentalData\ahmed\counterclockwise\Samples1.txt.csv" />
    <None Include="emgExperimentalData\ahmed\counterclockwise\Samples1.txt.csv_total.csv" />
    <None Include="emgExperimentalData\ahmed\counterclockwise\Samples2.txt.csv" />
    <None Include="emgExperimentalData\ahmed\counterclockwise\Samples2.txt.csv_total.csv" />
    <None Include="emgExperimentalData\ahmed\counterclockwise\Samples3.txt.csv" />
    <None Include="emgExperimentalData\ahmed\counterclockwise\Samples3.txt.csv_total.csv" />
    <None Include="emgExperimentalData\ahmed\fist\rawsamples1.txt.csv" />
    <None Include="emgExperimentalData\ahmed\fist\rawsamples2.txt.csv" />
    <None Include="emgExperimentalData\ahmed\fist\rawsamples3.txt.csv" />
    <None Include="emgExperimentalData\ahmed\fist\Samples1.txt.csv" />
    <None Include="emgExperimentalData\ahmed\fist\Samples1.txt.csv_total.csv" />
    <None Include="emgExperimentalData\ahmed\fist\Samples2.txt.csv" />
    <None Include="emgExperimentalData\ahmed\fist\Samples2.txt.csv_total.csv" />
    <None Include="emgExperimentalData\ahmed\fist\Samples3.txt.csv" />
    <None Include="emgExperimentalData\ahmed\fist\Samples3.txt.csv_total.csv" />
    <None Include="emgExperimentalData\ahmed\horns\rawsamples1.txt.csv" />
    <None Include="emgExperimentalData\ahmed\horns\rawsamples2.txt.csv" />
    <None Include="emgExperimentalData\ahmed\horns\rawsamples3.txt.csv" />
    <None Include="emgExperimentalData\ahmed\horns\Samples1.txt.csv" />
    <None Include="emgExperimentalData\ahmed\horns\Samples1.txt.csv_total.csv" />
    <None Include="emgExperimentalData\ahmed\horns\Samples2.txt.csv" />
    <None Include="emgExperimentalData\ahmed\horns\Samples2.txt.csv_total.csv" />
    <None Include="emgExperimentalData\ahmed\horns\Samples3.txt.csv" />
    <None Include="emgExperimentalData\ahmed\horns\Samples3.txt.csv_total.csv" />
    <None Include="emgExperimentalData\ahmed\peace\rawsamples1.txt.csv" />
    <None Include="emgExperimentalData\ahmed\peace\rawsamples2.txt.csv" />
    <None Include="emgExperimentalData\ahmed\peace\rawsamples3.txt.csv" />
    <None Include="emgExperimentalData\ahmed\peace\Samples1.txt.csv" />
    <None Include="emgExperimentalData\ahmed\peace\Samples1.txt.csv_total.csv" />
    <None Include="emgExperimentalData\ahmed\peace\Samples2.txt.csv" />
    <None Include="emgExperimentalData\ahmed\peace\Samples2.txt.csv_total.csv" />
    <None Include="emgExperimentalData\ahmed\peace\Samples3.txt.csv" />
    <None Include="emgExperimentalData\ahmed\peace\Samples3.txt.csv_total.csv" />
    <None Include="emgExperimentalData\ahmed\thumbsup\rawsamples1.txt.csv" />
    <None Include="emgExperimentalData\ahmed\thumbsup\rawsamples2.txt.csv" />
    <None Include="emgExperimentalData\ahmed\thumbsup\rawsamples3.txt.csv" />
    <None Include="emgExperimentalData\ahmed\thumbsup\Samples1.txt.csv" />
    <None Include="emgExperimentalData\ahmed\thumbsup\Samples1.txt.csv_total.csv" />
    <None Include="emgExperimentalData\ahmed\thumbsup\Samples2.txt.csv" />
    <None Include="emgExperimentalData\ahmed\thumbsup\Samples2.txt.csv_total.csv" />
    <None Include="emgExperimentalData\ahmed\thumbsup\Samples3.txt.csv" />
    <None Include="emgExperimentalData\ahmed\thumbsup\Samples3.txt.csv_total.csv" />
    <None Include="emgExperimentalData\ashlin\clockwise\rawsamples1.txt.csv" />
    <None Include="emgExperimentalData\ashlin\clockwise\rawsamples2.txt.csv" />
    <None Include="emgExperimentalData\ashlin\clockwise\rawsamples3.txt.csv" />
    <None Include="emgExperimentalData\ashlin\clockwise\Samples1.txt.csv" />
    <None Include="emgExperimentalData\ashlin\clockwise\Samples1.txt.csv_total.csv" />
    <None Include="emgExperimentalData\ashlin\clockwise\Samples2.txt.csv" />
    <None Include="emgExperimentalData\ashlin\clockwise\Samples2.txt.csv_total.csv" />
    <None Include="emgExperimentalData\ashlin\clockwise\Samples3.txt.csv" />
    <None Include="emgExperimentalData\ashlin\clockwise\Samples3.txt.csv_total.csv" />
    <None Include="emgExperimentalData\ashlin\counterclockwise\rawsamples1.txt.csv" />
    <None Include="emgExperimentalData\ashlin\counterclockwise\rawsamples2.txt.csv" />
    <None Include="emgExperimentalData\ashlin\counterclockwise\rawsamples3.txt.csv" />
    <None Include="emgExperimentalData\ashlin\counterclockwise\Samples1.txt.csv" />
    <None Include="emgExperimentalData\ashlin\counterclockwise\Samples1.txt.csv_total.csv" />
    <None Include="emgExperimentalData\ashlin\counterclockwise\Samples2.txt.csv" />
    <None Include="emgExperimentalData\ashlin\counterclockwise\Samples2.txt.csv_total.csv" />
    <None Include="emgExperimentalData\ashlin\counterclockwise\Samples3.txt.csv" />
    <None Include="emgExperimentalData\ashlin\counterclockwise\Samples3.txt.csv_total.csv" />
    <None Include="emgExperimentalData\ashlin\fist\rawsamples1.txt.csv" />
    <None Include="emgExperimentalData\ashlin\fist\rawsamples2.txt.csv" />
    <None Include="emgExperimentalData\ashlin\fist\rawsamples3.txt.csv" />
    <None Include="emgExperimentalData\ashlin\fist\Samples1.txt.csv" />
    <None Include="emgExperimentalData\ashlin\fist\Samples1.txt.csv_total.csv" />
    <None Include="emgExperimentalData\ashlin\fist\Samples2.txt.csv" />
    <None Include="emgExperimentalData\ashlin\fist\Samples2.txt.csv_total.csv" />
    <None Include="emgExperimentalData\ashlin\fist\Samples3.txt.csv" />
    <None Include="emgExperimentalData\ashlin\fist\Samples3.txt.csv_total.csv" />
    <None Include="emgExperimentalData\ashlin\horns\rawsamples1.txt.csv" />
    <None Include="emgExperimentalData\ashlin\horns\rawsamples2.txt.csv" />
    <None Include="emgExperimentalData\ashlin\horns\rawsamples3.txt.csv" />
    <None Include="emgExperimentalData\ashlin\horns\Samples1.txt.csv" />
    <None Include="emgExperimentalData\ashlin\horns\Samples1.txt.csv_total.csv" />
    <None Include="emgExperimentalData\ashlin\horns\Samples2.txt.csv" />
    <None Include="emgExperimentalData\ashlin\horns\Samples2.txt.csv_total.csv" />
    <None Include="emgExperimentalData\ashlin\horns\Samples3.txt.csv" />
    <None Include="emgExperimentalData\ashlin\horns\Samples3.txt.csv_total.csv" />
    <None Include="emgExperimentalData\ashlin\peace\rawsamples1.txt.csv" />
    <None Include="emgExperimentalData\ashlin\peace\rawsamples2.txt.csv" />
    <None Include="emgExperimentalData\ashlin\peace\rawsamples3.txt.csv" />
    <None Include="emgExperimentalData\ashlin\peace\Samples1.txt.csv" />
    <None Include="emgExperimentalData\ashlin\peace\Samples1.txt.csv_total.csv" />
    <None Include="emgExperimentalData\ashlin\peace\Samples2.txt.csv" />
    <None Include="emgExperimentalData\ashlin\peace\Samples2.txt.csv_total.csv" />
    <None Include="emgExperimentalData\ashlin\peace\Samples3.txt.csv" />
    <None Include="emgExperimentalData\ashlin\peace\Samples3.txt.csv_total.csv" />
    <None Include="emgExperimentalData\ashlin\thumbsup\rawsamples1.txt.csv" />
    <None Include="emgExperimentalData\ashlin\thumbsup\rawsamples2.txt.csv" />
    <None Include="emgExperimentalData\ashlin\thumbsup\rawsamples3.txt.csv" />
    <None Include="emgExperimentalData\ashlin\thumbsup\Samples1.txt.csv" />
    <None Include="emgExperimentalData\ashlin\thumbsup\Samples1.txt.csv_total.csv" />
    <None Include="emgExperimentalData\ashlin\thumbsup\Samples2.txt.csv" />
    <None Include="emgExperimentalData\ashlin\thumbsup\Samples2.txt.csv_total.csv" />
    <None Include="emgExperimentalData\ashlin\thumbsup\Samples3.txt.csv" />
    <None Include="emgExperimentalData\ashlin\thumbsup\Samples3.txt.csv_total.csv" />
    <None Include="emgExperimentalData\bwisengo\clockwise\rawsamples1.txt.csv" />
    <None Include="emgExperimentalData\bwisengo\clockwise\rawsamples2.txt.csv" />
    <None Include="emgExperimentalData\bwisengo\clockwise\rawsamples3.txt.csv" />
    <None Include="emgExperimentalData\bwisengo\clockwise\Samples1.txt.csv" />
    <None Include="emgExperimentalData\bwisengo\clockwise\Samples1.txt.csv_total.csv" />
    <None Include="emgExperimentalData\bwisengo\clockwise\Samples2.txt.csv" />
    <None Include="emgExperimentalData\bwisengo\clockwise\Samples2.txt.csv_total.csv" />
    <None Include="emgExperimentalData\bwisengo\clockwise\Samples3.txt.csv" />
    <None Include="emgExperimentalData\bwisengo\clockwise\Samples3.txt.csv_total.csv" />
    <None Include="emgExperimentalData\bwisengo\counterclockwise\rawsamples1.txt.csv" />
    <None Include="emgExperimentalData\bwisengo\counterclockwise\rawsamples2.txt.csv" />
    <None Include="emgExperimentalData\bwisengo\counterclockwise\rawsamples3.txt.csv" />
    <None Include="emgExperimentalData\bwisengo\counterclockwise\Samples1.txt.csv" />
    <None Include="emgExperimentalData\bwisengo\counterclockwise\Samples1.txt.csv_total.csv" />
    <None Include="emgExperimentalData\bwisengo\counterclockwise\Samples2.txt.csv" />
    <None Include="emgExperimentalData\bwisengo\counterclockwise\Samples2.txt.csv_total.csv" />
    <None Include="emgExperimentalData\bwisengo\counterclockwise\Samples3.txt.csv" />
    <None Include="emgExperimentalData\bwisengo\counterclockwise\Samples3.txt.csv_total.csv" />
    <None Include="emgExperimentalData\bwisengo\fist\rawsamples1.txt.csv" />
    <None Include="emgExperimentalData\bwisengo\fist\rawsamples2.txt.csv" />
    <None Include="emgExperimentalData\bwisengo\fist\rawsamples3.txt.csv" />
    <None Include="emgExperimentalData\bwisengo\fist\Samples1.txt.csv" />
    <None Include="emgExperimentalData\bwisengo\fist\Samples1.txt.csv_total.csv" />
    <None Include="emgExperimentalData\bwisengo\fist\Samples2.txt.csv" />
    <None Include="emgExperimentalData\bwisengo\fist\Samples2.txt.csv_total.csv" />
    <None Include="emgExperimentalData\bwisengo\fist\Samples3.txt.csv" />
    <None Include="emgExperimentalData\bwisengo\fist\Samples3.txt.csv_total.csv" />
    <None Include="emgExperimentalData\bwisengo\horns\rawsamples1.txt.csv" />
    <None Include="emgExperimentalData\bwisengo\horns\rawsamples2.txt.csv" />
    <None Include="emgExperimentalData\bwisengo\horns\rawsamples3.txt.csv" />
    <None Include="emgExperimentalData\bwisengo\horns\Samples1.txt.csv" />
    <None Include="emgExperimentalData\bwisengo\horns\Samples1.txt.csv_total.csv" />
    <None Include="emgExperimentalData\bwisengo\horns\Samples2.txt.csv" />
    <None Include="emgExperimentalData\bwisengo\horns\Samples2.txt.csv_total.csv" />
    <None Include="emgExperimentalData\bwisengo\horns\Samples3.txt.csv" />
    <None Include="emgExperimentalData\bwisengo\horns\Samples3.txt.csv_total.csv" />
    <None Include="emgExperimentalData\bwisengo\peace\rawsamples1.txt.csv" />
    <None Include="emgExperimentalData\bwisengo\peace\rawsamples2.txt.csv" />
    <None Include="emgExperimentalData\bwisengo\peace\rawsamples3.txt.csv" />
    <None Include="emgExperimentalData\bwisengo\peace\Samples1.txt.csv" />
    <None Include="emgExperimentalData\bwisengo\peace\Samples1.txt.csv_total.csv" />
    <None Include="emgExperimentalData\bwisengo\peace\Samples2.txt.csv" />
    <None Include="emgExperimentalData\bwisengo\peace\Samples2.txt.csv_total.csv" />
    <None Include="emgExperimentalData\bwisengo\peace\Samples2.txt.csv_total.csv_total.csv" />
    <None Include="emgExperimentalData\bwisengo\peace\Samples3.txt.csv" />
    <None Include="emgExperimentalData\bwisengo\peace\Samples3.txt.csv_total.csv" />
    <None Include="emgExperimentalData\bwisengo\thumbsup\rawsamples1.txt.csv" />
    <None Include="emgExperimentalData\bwisengo\thumbsup\rawsamples2.txt.csv" />
    <None Include="emgExperimentalData\bwisengo\thumbsup\rawsamples3.txt.csv" />
    <None Include="emgExperimentalData\bwisengo\thumbsup\Samples1.txt.csv" />
    <None Include="emgExperimentalData\bwisengo\thumbsup\Samples1.txt.csv_total.csv" />
    <None Include="emgExperimentalData\bwisengo\thumbsup\Samples2.txt.csv" />
    <None Include="emgExperimentalData\bwisengo\thumbsup\Samples2.txt.csv_total.csv" />
    <None Include="emgExperimentalData\bwisengo\thumbsup\Samples3.txt.csv" />
    <None Include="emgExperimentalData\bwisengo\thumbsup\Samples3.txt.csv_total.csv" />
    <None Include="emgExperimentalData\hang\clockwise\rawsamples1.txt.csv" />
    <None Include="emgExperimentalData\hang\clockwise\rawsamples2.txt.csv" />
    <None Include="emgExperimentalData\hang\clockwise\rawsamples3.txt.csv" />
    <None Include="emgExperimentalData\hang\clockwise\Samples1.txt.csv" />
    <None Include="emgExperimentalData\hang\clockwise\Samples1.txt.csv_total.csv" />
    <None Include="emgExperimentalData\hang\clockwise\Samples2.txt.csv" />
    <None Include="emgExperimentalData\hang\clockwise\Samples2.txt.csv_total.csv" />
    <None Include="emgExperimentalData\hang\clockwise\Samples3.txt.csv" />
    <None Include="emgExperimentalData\hang\clockwise\Samples3.txt.csv_total.csv" />
    <None Include="emgExperimentalData\hang\counterclockwise\rawsamples1.txt.csv" />
    <None Include="emgExperimentalData\hang\counterclockwise\rawsamples2.txt.csv" />
    <None Include="emgExperimentalData\hang\counterclockwise\rawsamples3.txt.csv" />
    <None Include="emgExperimentalData\hang\counterclockwise\Samples1.txt.csv" />
    <None Include="emgExperimentalData\hang\counterclockwise\Samples1.txt.csv_total.csv" />
    <None Include="emgExperimentalData\hang\counterclockwise\Samples2.txt.csv" />
    <None Include="emgExperimentalData\hang\counterclockwise\Samples2.txt.csv_total.csv" />
    <None Include="emgExperimentalData\hang\counterclockwise\Samples3.txt.csv" />
    <None Include="emgExperimentalData\hang\counterclockwise\Samples3.txt.csv_total.csv" />
    <None Include="emgExperimentalData\hang\fist\rawsamples1.txt.csv" />
    <None Include="emgExperimentalData\hang\fist\rawsamples2.txt.csv" />
    <None Include="emgExperimentalData\hang\fist\rawsamples3.txt.csv" />
    <None Include="emgExperimentalData\hang\fist\Samples1.txt.csv" />
    <None Include="emgExperimentalData\hang\fist\Samples1.txt.csv_total.csv" />
    <None Include="emgExperimentalData\hang\fist\Samples2.txt.csv" />
    <None Include="emgExperimentalData\hang\fist\Samples2.txt.csv_total.csv" />
    <None Include="emgExperimentalData\hang\fist\Samples3.txt.csv" />
    <None Include="emgExperimentalData\hang\fist\Samples3.txt.csv_total.csv" />
    <None Include="emgExperimentalData\hang\horns\rawsamples1.txt.csv" />
    <None Include="emgExperimentalData\hang\horns\rawsamples2.txt.csv" />
    <None Include="emgExperimentalData\hang\horns\rawsamples3.txt.csv" />
    <None Include="emgExperimentalData\hang\horns\Samples1.txt.csv" />
    <None Include="emgExperimentalData\hang\horns\Samples1.txt.csv_total.csv" />
    <None Include="emgExperimentalData\hang\horns\Samples2.txt.csv" />
    <None Include="emgExperimentalData\hang\horns\Samples2.txt.csv_total.csv" />
    <None Include="emgExperimentalData\hang\horns\Samples3.txt.csv" />
    <None Include="emgExperimentalData\hang\horns\Samples3.txt.csv_total.csv" />
    <None Include="emgExperimentalData\hang\peace\rawsamples1.txt.csv" />
    <None Include="emgExperimentalData\hang\peace\rawsamples2.txt.csv" />
    <None Include="emgExperimentalData\hang\peace\rawsamples3.txt.csv" />
    <None Include="emgExperimentalData\hang\peace\Samples1.txt.csv" />
    <None Include="emgExperimentalData\hang\peace\Samples1.txt.csv_total.csv" />
    <None Include="emgExperimentalData\hang\peace\Samples2.txt.csv" />
    <None Include="emgExperimentalData\hang\peace\Samples2.txt.csv_total.csv" />
    <None Include="emgExperimentalData\hang\peace\Samples3.txt.csv" />
    <None Include="emgExperimentalData\hang\peace\Samples3.txt.csv_total.csv" />
    <None Include="emgExperimentalData\hang\thumbsup\rawsamples1.txt.csv" />
    <None Include="emgExperimentalData\hang\thumbsup\rawsamples2.txt.csv" />
    <None Include="emgExperimentalData\hang\thumbsup\rawsamples3.txt.csv" />
    <None Include="emgExperimentalData\hang\thumbsup\Samples1.txt.csv" />
    <None Include="emgExperimentalData\hang\thumbsup\Samples1.txt.csv_total.csv" />
    <None Include="emgExperimentalData\hang\thumbsup\Samples2.txt.csv" />
    <None Include="emgExperimentalData\hang\thumbsup\Samples2.txt.csv_total.csv" />
    <None Include="emgExperimentalData\hang\thumbsup\Samples3.txt.csv" />
    <None Include="emgExperimentalData\hang\thumbsup\Samples3.txt.csv_total.csv" />
    <None Include="emgExperimentalData\john\clockwise\rawsamples1.txt.csv" />
    <None Include="emgExperimentalData\john\clockwise\rawsamples2.txt.csv" />
    <None Include="emgExperimentalData\john\clockwise\rawsamples3.txt.csv" />
    <None Include="emgExperimentalData\john\clockwise\Samples1.txt.csv" />
    <None Include="emgExperimentalData\john\clockwise\Samples1.txt.csv_total.csv" />
    <None Include="emgExperimentalData\john\clockwise\Samples2.txt.csv" />
    <None Include="emgExperimentalData\john\clockwise\Samples2.txt.csv_total.csv" />
    <None Include="emgExperimentalData\john\clockwise\Samples3.txt.csv" />
    <None Include="emgExperimentalData\john\clockwise\Samples3.txt.csv_total.csv" />
    <None Include="emgExperimentalData\john\counterclockwise\rawsamples1.txt.csv" />
    <None Include="emgExperimentalData\john\counterclockwise\rawsamples2.txt.csv" />
    <None Include="emgExperimentalData\john\counterclockwise\rawsamples3.txt.csv" />
    <None Include="emgExperimentalData\john\counterclockwise\Samples1.txt.csv" />
    <None Include="emgExperimentalData\john\counterclockwise\Samples1.txt.csv_total.csv" />
    <None Include="emgExperimentalData\john\counterclockwise\Samples2.txt.csv" />
    <None Include="emgExperimentalData\john\counterclockwise\Samples2.txt.csv_total.csv" />
    <None Include="emgExperimentalData\john\counterclockwise\Samples3.txt.csv" />
    <None Include="emgExperimentalData\john\counterclockwise\Samples3.txt.csv_total.csv" />
    <None Include="emgExperimentalData\john\fist\rawsamples1.txt.csv" />
    <None Include="emgExperimentalData\john\fist\rawsamples2.txt.csv" />
    <None Include="emgExperimentalData\john\fist\rawsamples3.txt.csv" />
    <None Include="emgExperimentalData\john\fist\Samples1.txt.csv" />
    <None Include="emgExperimentalData\john\fist\Samples1.txt.csv_total.csv" />
    <None Include="emgExperimentalData\john\fist\Samples2.txt.csv" />
    <None Include="emgExperimentalData\john\fist\Samples2.txt.csv_total.csv" />
    <None Include="emgExperimentalData\john\fist\Samples3.txt.csv" />
    <None Include="emgExperimentalData\john\fist\Samples3.txt.csv_total.csv" />
    <None Include="emgExperimentalData\john\horns\processed1.csv" />
    <None Include="emgExperimentalData\john\horns\processed2.csv" />
    <None Include="emgExperimentalData\john\horns\processed3.csv" />
    <None Include="emgExperimentalData\john\horns\rawsamples1.txt.csv" />
    <None Include="emgExperimentalData\john\horns\rawsamples2.txt.csv" />
    <None Include="emgExperimentalData\john\horns\rawsamples3.txt.csv" />
    <None Include="emgExperimentalData\john\horns\Samples1.txt.csv" />
    <None Include="emgExperimentalData\john\horns\Samples1.txt.csv_total.csv" />
    <None Include="emgExperimentalData\john\horns\Samples2.txt.csv" />
    <None Include="emgExperimentalData\john\horns\Samples2.txt.csv_total.csv" />
    <None Include="emgExperimentalData\john\horns\Samples3.txt.csv" />
    <None Include="emgExperimentalData\john\horns\Samples3.txt.csv_total.csv" />
    <None Include="emgExperimentalData\john\peace\rawsamples1.txt.csv" />
    <None Include="emgExperimentalData\john\peace\rawsamples2.txt.csv" />
    <None Include="emgExperimentalData\john\peace\rawsamples3.txt.csv" />
    <None Include="emgExperimentalData\john\peace\Samples1.txt.csv" />
    <None Include="emgExperimentalData\john\peace\Samples1.txt.csv_total.csv" />
    <None Include="emgExperimentalData\john\peace\Samples2.txt.csv" />
    <None Include="emgExperimentalData\john\peace\Samples2.txt.csv_total.csv" />
    <None Include="emgExperimentalData\john\peace\Samples3.txt.csv" />
    <None Include="emgExperimentalData\john\peace\Samples3.txt.csv_total.csv" />
    <None Include="emgExperimentalData\john\thumbsup\rawsamples.txt.csv" />
    <None Include="emgExperimentalData\john\thumbsup\rawsamples1.txt.csv" />
    <None Include="emgExperimentalData\john\thumbsup\rawsamples2.txt.csv" />
    <None Include="emgExperimentalData\john\thumbsup\rawsamples3.txt.csv" />
    <None Include="emgExperimentalData\john\thumbsup\samples.txt.csv" />
    <None Include="emgExperimentalData\john\thumbsup\samples.txt.csv_total.csv" />
    <None Include="emgExperimentalData\john\thumbsup\Samples1.txt.csv" />
    <None Include="emgExperimentalData\john\thumbsup\Samples1.txt.csv_total.csv" />
    <None Include="emgExperimentalData\john\thumbsup\Samples2.txt.csv" />
    <None Include="emgExperimentalData\john\thumbsup\Samples2.txt.csv_total.csv" />
    <None Include="emgExperimentalData\john\thumbsup\Samples3.txt.csv" />
    <None Include="emgExperimentalData\john\thumbsup\Samples3.txt.csv_total.csv" />
    <None Include="emgExperimentalData\josh\clockwise\rawsamples1.txt.csv" />
    <None Include="emgExperimentalData\josh\clockwise\rawsamples2.txt.csv" />
    <None Include="emgExperimentalData\josh\clockwise\rawsamples3.txt.csv" />
    <None Include="emgExperimentalData\josh\clockwise\Samples1.txt.csv" />
    <None Include="emgExperimentalData\josh\clockwise\Samples1.txt.csv_total.csv" />
    <None Include="emgExperimentalData\josh\clockwise\Samples2.txt.csv" />
    <None Include="emgExperimentalData\josh\clockwise\Samples2.txt.csv_total.csv" />
    <None Include="emgExperimentalData\josh\clockwise\Samples3.txt.csv" />
    <None Include="emgExperimentalData\josh\clockwise\Samples3.txt.csv_total.csv" />
    <None Include="emgExperimentalData\josh\counterclockwise\rawsamples1.txt.csv" />
    <None Include="emgExperimentalData\josh\counterclockwise\rawsamples2.txt.csv" />
    <None Include="emgExperimentalData\josh\counterclockwise\rawsamples3.txt.csv" />
    <None Include="emgExperimentalData\josh\counterclockwise\Samples1.txt.csv" />
    <None Include="emgExperimentalData\josh\counterclockwise\Samples1.txt.csv_total.csv" />
    <None Include="emgExperimentalData\josh\counterclockwise\Samples2.txt.csv" />
    <None Include="emgExperimentalData\josh\counterclockwise\Samples2.txt.csv_total.csv" />
    <None Include="emgExperimentalData\josh\counterclockwise\Samples3.txt.csv" />
    <None Include="emgExperimentalData\josh\counterclockwise\Samples3.txt.csv_total.csv" />
    <None Include="emgExperimentalData\josh\fist\rawsamples1.txt.csv" />
    <None Include="emgExperimentalData\josh\fist\rawsamples2.txt.csv" />
    <None Include="emgExperimentalData\josh\fist\rawsamples3.txt.csv" />
    <None Include="emgExperimentalData\josh\fist\Samples1.txt.csv" />
    <None Include="emgExperimentalData\josh\fist\Samples1.txt.csv_total.csv" />
    <None Include="emgExperimentalData\josh\fist\Samples2.txt.csv" />
    <None Include="emgExperimentalData\josh\fist\Samples2.txt.csv_total.csv" />
    <None Include="emgExperimentalData\josh\fist\Samples3.txt.csv" />
    <None Include="emgExperimentalData\josh\fist\Samples3.txt.csv_total.csv" />
    <None Include="emgExperimentalData\josh\horns\rawsamples1.txt.csv" />
    <None Include="emgExperimentalData\josh\horns\rawsamples2.txt.csv" />
    <None Include="emgExperimentalData\josh\horns\rawsamples3.txt.csv" />
    <None Include="emgExperimentalData\josh\horns\Samples1.txt.csv" />
    <None Include="emgExperimentalData\josh\horns\Samples1.txt.csv_total.csv" />
    <None Include="emgExperimentalData\josh\horns\Samples2.txt.csv" />
    <None Include="emgExperimentalData\josh\horns\Samples2.txt.csv_total.csv" />
    <None Include="emgExperimentalData\josh\horns\Samples3.txt.csv" />
    <None Include="emgExperimentalData\josh\horns\Samples3.txt.csv_total.csv" />
    <None Include="emgExperimentalData\josh\peace\rawsamples1.txt.csv" />
    <None Include="emgExperimentalData\josh\peace\rawsamples2.txt.csv" />
    <None Include="emgExperimentalData\josh\peace\rawsamples3.txt.csv" />
    <None Include="emgExperimentalData\josh\peace\Samples1.txt.csv" />
    <None Include="emgExperimentalData\josh\peace\Samples1.txt.csv_total.csv" />
    <None Include="emgExperimentalData\josh\peace\Samples2.txt.csv" />
    <None Include="emgExperimentalData\josh\peace\Samples2.txt.csv_total.csv" />
    <None Include="emgExperimentalData\josh\peace\Samples3.txt.csv" />
    <None Include="emgExperimentalData\josh\peace\Samples3.txt.csv_total.csv" />
    <None Include="emgExperimentalData\josh\thumbsup\rawsamples1.txt.csv" />
    <None Include="emgExperimentalData\josh\thumbsup\rawsamples2.txt.csv" />
    <None Include="emgExperimentalData\josh\thumbsup\rawsamples3.txt.csv" />
    <None Include="emgExperimentalData\josh\thumbsup\Samples1.txt.csv" />
    <None Include="emgExperimentalData\josh\thumbsup\Samples1.txt.csv_total.csv" />
    <None Include="emgExperimentalData\josh\thumbsup\Samples2.txt.csv" />
    <None Include="emgExperimentalData\josh\thumbsup\Samples2.txt.csv_total.csv" />
    <None Include="emgExperimentalData\josh\thumbsup\Samples3.txt.csv" />
    <None Include="emgExperimentalData\josh\thumbsup\Samples3.txt.csv_total.csv" />
    <None Include="emgExperimentalData\stacy\clockwise\rawsamples2.txt.csv" />
    <None Include="emgExperimentalData\stacy\clockwise\rawsamples3.txt.csv" />
    <None Include="emgExperimentalData\stacy\clockwise\Samples2.txt.csv" />
    <None Include="emgExperimentalData\stacy\clockwise\Samples2.txt.csv_total.csv" />
    <None Include="emgExperimentalData\stacy\clockwise\Samples3.txt.csv" />
    <None Include="emgExperimentalData\stacy\clockwise\Samples3.txt.csv_total.csv" />
    <None Include="emgExperimentalData\stacy\counterclockwise\rawsamples1.txt.csv" />
    <None Include="emgExperimentalData\stacy\counterclockwise\rawsamples2.txt.csv" />
    <None Include="emgExperimentalData\stacy\counterclockwise\rawsamples3.txt.csv" />
    <None Include="emgExperimentalData\stacy\counterclockwise\Samples1.txt.csv" />
    <None Include="emgExperimentalData\stacy\counterclockwise\Samples1.txt.csv_total.csv" />
    <None Include="emgExperimentalData\stacy\counterclockwise\Samples2.txt.csv" />
    <None Include="emgExperimentalData\stacy\counterclockwise\Samples2.txt.csv_total.csv" />
    <None Include="emgExperimentalData\stacy\counterclockwise\Samples3.txt.csv" />
    <None Include="emgExperimentalData\stacy\counterclockwise\Samples3.txt.csv_total.csv" />
    <None Include="emgExperimentalData\addTotal.sh" />
    <None Include="emgExperimentalData\_processed.csv" />
    <None Include="emgExperimentalData\_stripped.csv" />
    <None Include="emgExperimentalData\_stripped_processed.csv" />
    <None Include="emgExperimentalData\stacy\thumbsup\Samples3_stripped_processed.csv" />
    <None Include="emgExperimentalData\stacy\thumbsup\Samples3_stripped.csv" />
    <None Include="emgExperimentalData\stacy\thumbsup\Samples2_stripped.csv" />
    <None Include="emgExperimentalData\stacy\thumbsup\Samples1_stripped_processed.csv" />
    <None Include="emgExperimentalData\stacy\thumbsup\Samples1_stripped.csv" />
    <None Include="emgExperimentalData\stacy\peace\Samples3_stripped.csv" />
    <None Include="emgExperimentalData\stacy\peace\Samples3_stripped_processed.csv" />
    <None Include="emgExperimentalData\stacy\peace\Samples2_stripped.csv" />
    <None Include="emgExperimentalData\stacy\peace\Samples2_stripped_processed.csv" />
    <None Include="emgExperimentalData\stacy\peace\Samples1_stripped.csv" />
    <None Include="emgExperimentalData\stacy\peace\Samples1_stripped_processed.csv" />
    <None Include="emgExperimentalData\stacy\horns\Samples3_stripped.csv" />
    <None Include="emgExperimentalData\stacy\horns\Samples3_stripped_processed.csv" />
    <None Include="emgExperimentalData\stacy\horns\Samples2_stripped.csv" />
    <None Include="emgExperimentalData\stacy\horns\Samples2_stripped_processed.csv" />
    <None Include="emgExperimentalData\stacy\horns\Samples1_stripped.csv" />
    <None Include="emgExperimentalData\stacy\horns\Samples1_stripped_processed.csv" />
    <None Include="emgExperimentalData\stacy\fist\Samples3_stripped.csv" />
    <None Include="emgExperimentalData\stacy\fist\Samples3_stripped_processed.csv" />
    <None Include="emgExperimentalData\stacy\fist\Samples2_stripped.csv" />
    <None Include="emgExperimentalData\stacy\fist\Samples2_stripped_processed.csv" />
    <None Include="emgExperimentalData\stacy\fist\Samples1_stripped.csv" />
    <None Include="emgExperimentalData\stacy\fist\Samples1_stripped_processed.csv" />
    <None Include="emgExperimentalData\stacy\counterclockwise\Samples3_stripped.csv" />
    <None Include="emgExperimentalData\stacy\counterclockwise\Samples3_stripped_processed.csv" />
    <None Include="emgExperimentalData\stacy\counterclockwise\Samples2_stripped.csv" />
    <None Include="emgExperimentalData\stacy\counterclockwise\Samples2_stripped_processed.csv" />
    <None Include="emgExperimentalData\stacy\counterclockwise\Samples1_stripped.csv" />
    <None Include="emgExperimentalData\stacy\counterclockwise\Samples1_stripped_processed.csv" />
    <None Include="emgExperimentalData\stacy\clockwise\Samples3_stripped.csv" />
    <None Include="emgExperimentalData\stacy\clockwise\Samples3_stripped_processed.csv" />
    <None Include="emgExperimentalData\stacy\clockwise\Samples2_stripped.csv" />
    <None Include="emgExperimentalData\stacy\clockwise\Samples2_stripped_processed.csv" />
    <None Include="emgExperimentalData\josh\thumbsup\Samples3_stripped.csv" />
    <None Include="emgExperimentalData\josh\thumbsup\Samples3_stripped_processed.csv" />
    <None Include="emgExperimentalData\josh\thumbsup\Samples2_stripped.csv" />
    <None Include="emgExperimentalData\josh\thumbsup\Samples2_stripped_processed.csv" />
    <None Include="emgExperimentalData\josh\thumbsup\Samples1_stripped.csv" />
    <None Include="emgExperimentalData\josh\thumbsup\Samples1_stripped_processed.csv" />
    <None Include="emgExperimentalData\josh\peace\Samples3_stripped.csv" />
    <None Include="emgExperimentalData\josh\peace\Samples3_stripped_processed.csv" />
    <None Include="emgExperimentalData\josh\peace\Samples2_stripped.csv" />
    <None Include="emgExperimentalData\josh\peace\Samples2_stripped_processed.csv" />
    <None Include="emgExperimentalData\josh\peace\Samples1_stripped.csv" />
    <None Include="emgExperimentalData\josh\peace\Samples1_stripped_processed.csv" />
    <None Include="emgExperimentalData\josh\horns\Samples3_stripped.csv" />
    <None Include="emgExperimentalData\josh\horns\Samples3_stripped_processed.csv" />
    <None Include="emgExperimentalData\josh\horns\Samples2_stripped.csv" />
    <None Include="emgExperimentalData\josh\horns\Samples2_stripped_processed.csv" />
    <None Include="emgExperimentalData\josh\horns\Samples1_stripped.csv" />
    <None Include="emgExperimentalData\josh\horns\Samples1_stripped_processed.csv" />
    <None Include="emgExperimentalData\josh\fist\Samples3_stripped.csv" />
    <None Include="emgExperimentalData\josh\fist\Samples3_stripped_processed.csv" />
    <None Include="emgExperimentalData\josh\fist\Samples2_stripped.csv" />
    <None Include="emgExperimentalData\josh\fist\Samples2_stripped_processed.csv" />
    <None Include="emgExperimentalData\josh\fist\Samples1_stripped.csv" />
    <None Include="emgExperimentalData\josh\fist\Samples1_stripped_processed.csv" />
    <None Include="emgExperimentalData\josh\counterclockwise\Samples3_stripped_processed.csv" />
    <None Include="emgExperimentalData\josh\counterclockwise\Samples3_stripped.csv" />
    <None Include="emgExperimentalData\josh\counterclockwise\Samples2_stripped.csv" />
    <None Include="emgExperimentalData\josh\counterclockwise\Samples2_stripped_processed.csv" />
    <None Include="emgExperimentalData\josh\counterclockwise\Samples1_stripped.csv" />
    <None Include="emgExperimentalData\josh\counterclockwise\Samples1_stripped_processed.csv" />
    <None Include="emgExperimentalData\josh\clockwise\Samples3_stripped_processed.csv" />
    <None Include="emgExperimentalData\josh\clockwise\Samples3_stripped.csv" />
    <None Include="emgExperimentalData\josh\clockwise\Samples2_stripped_processed.csv" />
    <None Include="emgExperimentalData\josh\clockwise\Samples2_stripped.csv" />
    <None Include="emgExperimentalData\josh\clockwise\Samples1_stripped_processed.csv" />
    <None Include="emgExperimentalData\josh\clockwise\Samples1_stripped.csv" />
    <None Include="emgExperimentalData\john\thumbsup\Samples3_stripped_processed.csv" />
    <None Include="emgExperimentalData\john\thumbsup\Samples3_stripped.csv" />
    <None Include="emgExperimentalData\john\thumbsup\Samples2_stripped_processed.csv" />
    <None Include="emgExperimentalData\john\thumbsup\Samples2_stripped.csv" />
    <None Include="emgExperimentalData\john\thumbsup\Samples1_stripped_processed.csv" />
    <None Include="emgExperimentalData\john\thumbsup\Samples1_stripped.csv" />
    <None Include="emgExperimentalData\john\thumbsup\samples_stripped_processed.csv" />
    <None Include="emgExperimentalData\john\thumbsup\samples_stripped.csv" />
    <None Include="emgExperimentalData\john\peace\Samples3_stripped_processed.csv" />
    <None Include="emgExperimentalData\john\peace\Samples3_stripped.csv" />
    <None Include="emgExperimentalData\john\peace\Samples2_stripped_processed.csv" />
    <None Include="emgExperimentalData\john\peace\Samples2_stripped.csv" />
    <None Include="emgExperimentalData\john\peace\Samples1_stripped_processed.csv" />
    <None Include="emgExperimentalData\john\peace\Samples1_stripped.csv" />
    <None Include="emgExperimentalData\john\horns\Samples3_stripped_processed.csv" />
    <None Include="emgExperimentalData\john\horns\Samples3_stripped.csv" />
    <None Include="emgExperimentalData\john\horns\Samples2_stripped_processed.csv" />
    <None Include="emgExperimentalData\john\horns\Samples2_stripped.csv" />
    <None Include="emgExperimentalData\john\horns\Samples1_stripped_processed.csv" />
    <None Include="emgExperimentalData\john\horns\Samples1_stripped.csv" />
    <None Include="emgExperimentalData\john\fist\Samples3_stripped_processed.csv" />
    <None Include="emgExperimentalData\john\fist\Samples3_stripped.csv" />
    <None Include="emgExperimentalData\john\fist\Samples2_stripped_processed.csv" />
    <None Include="emgExperimentalData\john\fist\Samples2_stripped.csv" />
    <None Include="emgExperimentalData\john\fist\Samples1_stripped_processed.csv" />
    <None Include="emgExperimentalData\john\fist\Samples1_stripped.csv" />
    <None Include="emgExperimentalData\john\counterclockwise\Samples3_stripped_processed.csv" />
    <None Include="emgExperimentalData\john\counterclockwise\Samples3_stripped.csv" />
    <None Include="emgExperimentalData\john\counterclockwise\Samples2_stripped_processed.csv" />
    <None Include="emgExperimentalData\john\counterclockwise\Samples2_stripped.csv" />
    <None Include="emgExperimentalData\john\counterclockwise\Samples1_stripped_processed.csv" />
    <None Include="emgExperimentalData\john\counterclockwise\Samples1_stripped.csv" />
    <None Include="emgExperimentalData\john\clockwise\Samples3_stripped_processed.csv" />
    <None Include="emgExperimentalData\john\clockwise\Samples3_stripped.csv" />
    <None Include="emgExperimentalData\john\clockwise\Samples2_stripped.csv" />
    <None Include="emgExperimentalData\john\clockwise\Samples2_stripped_processed.csv" />
    <None Include="emgExperimentalData\john\clockwise\Samples1_stripped.csv" />
    <None Include="emgExperimentalData\john\clockwise\Samples1_stripped_processed.csv" />
    <None Include="emgExperimentalData\hang\thumbsup\Samples3_stripped_processed.csv" />
    <None Include="emgExperimentalData\hang\thumbsup\Samples3_stripped.csv" />
    <None Include="emgExperimentalData\hang\thumbsup\Samples2_stripped_processed.csv" />
    <None Include="emgExperimentalData\hang\thumbsup\Samples2_stripped.csv" />
    <None Include="emgExperimentalData\hang\thumbsup\Samples1_stripped_processed.csv" />
    <None Include="emgExperimentalData\hang\thumbsup\Samples1_stripped.csv" />
    <None Include="emgExperimentalData\hang\peace\Samples3_stripped_processed.csv" />
    <None Include="emgExperimentalData\hang\peace\Samples3_stripped.csv" />
    <None Include="emgExperimentalData\hang\peace\Samples2_stripped_processed.csv" />
    <None Include="emgExperimentalData\hang\peace\Samples2_stripped.csv" />
    <None Include="emgExperimentalData\hang\peace\Samples1_stripped_processed.csv" />
    <None Include="emgExperimentalData\hang\peace\Samples1_stripped.csv" />
    <None Include="emgExperimentalData\hang\horns\Samples3_stripped_processed.csv" />
    <None Include="emgExperimentalData\hang\horns\Samples3_stripped.csv" />
    <None Include="emgExperimentalData\hang\horns\Samples2_stripped_processed.csv" />
    <None Include="emgExperimentalData\hang\horns\Samples2_stripped.csv" />
    <None Include="emgExperimentalData\hang\horns\Samples1_stripped_processed_processed.csv" />
    <None Include="emgExperimentalData\hang\horns\Samples1_stripped_processed.csv" />
    <None Include="emgExperimentalData\hang\horns\Samples1_stripped.csv" />
    <None Include="emgExperimentalData\hang\horns\Samples1_processed.csv" />
    <None Include="emgExperimentalData\hang\fist\Samples3_stripped_processed.csv" />
    <None Include="emgExperimentalData\hang\fist\Samples3_stripped.csv" />
    <None Include="emgExperimentalData\hang\fist\Samples2_stripped_processed.csv" />
    <None Include="emgExperimentalData\hang\fist\Samples2_stripped.csv" />
    <None Include="emgExperimentalData\hang\fist\Samples1_stripped_processed.csv" />
    <None Include="emgExperimentalData\hang\fist\Samples1_stripped.csv" />
    <None Include="emgExperimentalData\hang\counterclockwise\Samples3_stripped_processed.csv" />
    <None Include="emgExperimentalData\hang\counterclockwise\Samples3_stripped.csv" />
    <None Include="emgExperimentalData\hang\counterclockwise\Samples2_stripped_processed.csv" />
    <None Include="emgExperimentalData\hang\counterclockwise\Samples2_stripped.csv" />
    <None Include="emgExperimentalData\hang\counterclockwise\Samples1_stripped_processed.csv" />
    <None Include="emgExperimentalData\hang\counterclockwise\Samples1_stripped.csv" />
    <None Include="emgExperimentalData\hang\clockwise\Samples3_stripped_processed.csv" />
    <None Include="emgExperimentalData\hang\clockwise\Samples3_stripped.csv" />
    <None Include="emgExperimentalData\hang\clockwise\Samples2_stripped_processed.csv" />
    <None Include="emgExperimentalData\hang\clockwise\Samples2_stripped.csv" />
    <None Include="emgExperimentalData\hang\clockwise\Samples1_stripped_processed.csv" />
    <None Include="emgExperimentalData\hang\clockwise\Samples1_stripped.csv" />
    <None Include="emgExperimentalData\bwisengo\thumbsup\Samples3_stripped_processed.csv" />
    <None Include="emgExperimentalData\bwisengo\thumbsup\Samples3_stripped.csv" />
    <None Include="emgExperimentalData\bwisengo\thumbsup\Samples2_stripped_processed.csv" />
    <None Include="emgExperimentalData\bwisengo\thumbsup\Samples2_stripped.csv" />
    <None Include="emgExperimentalData\bwisengo\thumbsup\Samples1_stripped_processed.csv" />
    <None Include="emgExperimentalData\bwisengo\thumbsup\Samples1_stripped.csv" />
    <None Include="emgExperimentalData\bwisengo\peace\Samples3_stripped_processed.csv" />
    <None Include="emgExperimentalData\bwisengo\peace\Samples3_stripped.csv" />
    <None Include="emgExperimentalData\bwisengo\peace\Samples2_stripped_processed.csv" />
    <None Include="emgExperimentalData\bwisengo\peace\Samples2_stripped.csv" />
    <None Include="emgExperimentalData\bwisengo\peace\Samples1_stripped_processed.csv" />
    <None Include="emgExperimentalData\bwisengo\peace\Samples1_stripped.csv" />
    <None Include="emgExperimentalData\bwisengo\horns\Samples3_stripped_processed.csv" />
    <None Include="emgExperimentalData\bwisengo\horns\Samples3_stripped.csv" />
    <None Include="emgExperimentalData\bwisengo\horns\Samples2_stripped_processed.csv" />
    <None Include="emgExperimentalData\bwisengo\horns\Samples2_stripped.csv" />
    <None Include="emgExperimentalData\bwisengo\horns\Samples1_stripped_processed.csv" />
    <None Include="emgExperimentalData\bwisengo\horns\Samples1_stripped.csv" />
    <None Include="emgExperimentalData\bwisengo\fist\Samples3_stripped_processed.csv" />
    <None Include="emgExperimentalData\bwisengo\fist\Samples3_stripped.csv" />
    <None Include="emgExperimentalData\bwisengo\fist\Samples2_stripped_processed.csv" />
    <None Include="emgExperimentalData\bwisengo\fist\Samples2_stripped.csv" />
    <None Include="emgExperimentalData\bwisengo\fist\Samples1_stripped_processed.csv" />
    <None Include="emgExperimentalData\bwisengo\fist\Samples1_stripped.csv" />
    <None Include="emgExperimentalData\bwisengo\counterclockwise\Samples3_stripped_processed.csv" />
    <None Include="emgExperimentalData\bwisengo\counterclockwise\Samples3_stripped.csv" />
    <None Include="emgExperimentalData\bwisengo\counterclockwise\Samples2_stripped_processed.csv" />
    <None Include="emgExperimentalData\bwisengo\counterclockwise\Samples2_stripped.csv" />
    <None Include="emgExperimentalData\bwisengo\counterclockwise\Samples1_stripped_processed.csv" />
    <None Include="emgExperimentalData\bwisengo\counterclockwise\Samples1_stripped.csv" />
    <None Include="emgExperimentalData\bwisengo\clockwise\Samples3_stripped_processed.csv" />
    <None Include="emgExperimentalData\bwisengo\clockwise\Samples3_stripped.csv" />
    <None Include="emgExperimentalData\bwisengo\clockwise\Samples2_stripped_processed.csv" />
    <None Include="emgExperimentalData\bwisengo\clockwise\Samples2_stripped.csv" />
    <None Include="emgExperimentalData\bwisengo\clockwise\Samples1_stripped_processed.csv" />
    <None Include="emgExperimentalData\bwisengo\clockwise\Samples1_stripped.csv" />
    <None Include="emgExperimentalData\ashlin\thumbsup\Samples3_stripped_processed.csv" />
    <None Include="emgExperimentalData\ashlin\thumbsup\Samples3_stripped.csv" />
    <None Include="emgExperimentalData\ashlin\thumbsup\Samples2_stripped_processed.csv" />
    <None Include="emgExperimentalData\ashlin\thumbsup\Samples2_stripped.csv" />
    <None Include="emgExperimentalData\ashlin\thumbsup\Samples1_stripped_processed.csv" />
    <None Include="emgExperimentalData\ashlin\thumbsup\Samples1_stripped.csv" />
    <None Include="emgExperimentalData\ashlin\peace\Samples3_stripped_processed.csv" />
    <None Include="emgExperimentalData\ashlin\peace\Samples3_stripped.csv" />
    <None Include="emgExperimentalData\ashlin\peace\Samples2_stripped_processed.csv" />
    <None Include="emgExperimentalData\ashlin\peace\Samples2_stripped.csv" />
    <None Include="emgExperimentalData\ashlin\peace\Samples1_stripped_processed.csv" />
    <None Include="emgExperimentalData\ashlin\peace\Samples1_stripped.csv" />
    <None Include="emgExperimentalData\ashlin\horns\Samples3_stripped_processed.csv" />
    <None Include="emgExperimentalData\ashlin\horns\Samples3_stripped.csv" />
    <None Include="emgExperimentalData\ashlin\horns\Samples2_stripped_processed.csv" />
    <None Include="emgExperimentalData\ashlin\horns\Samples2_stripped.csv" />
    <None Include="emgExperimentalData\ashlin\horns\Samples1_stripped_processed.csv" />
    <None Include="emgExperimentalData\ashlin\horns\Samples1_stripped.csv" />
    <None Include="emgExperimentalData\ashlin\fist\Samples3_stripped_processed.csv" />
    <None Include="emgExperimentalData\ashlin\fist\Samples3_stripped.csv" />
    <None Include="emgExperimentalData\ashlin\fist\Samples2_stripped_processed.csv" />
    <None Include="emgExperimentalData\ashlin\fist\Samples2_stripped.csv" />
    <None Include="emgExperimentalData\ashlin\fist\Samples1_stripped_processed.csv" />
    <None Include="emgExperimentalData\ashlin\fist\Samples1_stripped.csv" />
    <None Include="emgExperimentalData\ashlin\counterclockwise\Samples3_stripped_processed.csv" />
    <None Include="emgExperimentalData\ashlin\counterclockwise\Samples3_stripped.csv" />
    <None Include="emgExperimentalData\ashlin\counterclockwise\Samples2_stripped_processed.csv" />
    <None Include="emgExperimentalData\ashlin\counterclockwise\Samples2_stripped.csv" />
    <None Include="emgExperimentalData\ashlin\counterclockwise\Samples1_stripped_processed.csv" />
    <None Include="emgExperimentalData\ashlin\counterclockwise\Samples1_stripped.csv" />
    <None Include="emgExperimentalData\ashlin\clockwise\Samples3_stripped_processed.csv" />
    <None Include="emgExperimentalData\ashlin\clockwise\Samples3_stripped.csv" />
    <None Include="emgExperimentalData\ashlin\clockwise\Samples2_stripped_processed.csv" />
    <None Include="emgExperimentalData\ashlin\clockwise\Samples2_stripped.csv" />
    <None Include="emgExperimentalData\ashlin\clockwise\Samples1_stripped_processed.csv" />
    <None Include="emgExperimentalData\ashlin\clockwise\Samples1_stripped.csv" />
    <None Include="emgExperimentalData\ahmed\thumbsup\Samples3_stripped_processed.csv" />
    <None Include="emgExperimentalData\ahmed\thumbsup\Samples3_stripped.csv" />
    <None Include="emgExperimentalData\ahmed\thumbsup\Samples2_stripped_processed.csv" />
    <None Include="emgExperimentalData\ahmed\thumbsup\Samples2_stripped.csv" />
    <None Include="emgExperimentalData\ahmed\thumbsup\Samples1_stripped_processed.csv" />
    <None Include="emgExperimentalData\ahmed\thumbsup\Samples1_stripped.csv" />
    <None Include="emgExperimentalData\ahmed\peace\Samples3_stripped_processed.csv" />
    <None Include="emgExperimentalData\ahmed\peace\Samples3_stripped.csv" />
    <None Include="emgExperimentalData\ahmed\peace\Samples2_stripped_processed.csv" />
    <None Include="emgExperimentalData\ahmed\peace\Samples2_stripped.csv" />
    <None Include="emgExperimentalData\ahmed\peace\Samples1_stripped_processed.csv" />
    <None Include="emgExperimentalData\ahmed\peace\Samples1_stripped.csv" />
    <None Include="emgExperimentalData\ahmed\horns\Samples3_stripped_processed.csv" />
    <None Include="emgExperimentalData\ahmed\horns\Samples3_stripped.csv" />
    <None Include="emgExperimentalData\ahmed\horns\Samples2_stripped_processed.csv" />
    <None Include="emgExperimentalData\ahmed\horns\Samples2_stripped.csv" />
    <None Include="emgExperimentalData\ahmed\horns\Samples1_stripped_processed.csv" />
    <None Include="emgExperimentalData\ahmed\horns\Samples1_stripped.csv" />
    <None Include="emgExperimentalData\ahmed\fist\Samples3_stripped_processed.csv" />
    <None Include="emgExperimentalData\ahmed\fist\Samples3_stripped.csv" />
    <None Include="emgExperimentalData\ahmed\fist\Samples2_stripped_processed.csv" />
    <None Include="emgExperimentalData\ahmed\fist\Samples2_stripped.csv" />
    <None Include="emgExperimentalData\ahmed\fist\Samples1_stripped_processed.csv" />
    <None Include="emgExperimentalData\ahmed\fist\Samples1_stripped.csv" />
    <None Include="emgExperimentalData\ahmed\counterclockwise\Samples3_stripped_processed.csv" />
    <None Include="emgExperimentalData\ahmed\counterclockwise\Samples3_stripped.csv" />
    <None Include="emgExperimentalData\ahmed\counterclockwise\Samples2_stripped_processed.csv" />
    <None Include="emgExperimentalData\ahmed\counterclockwise\Samples2_stripped.csv" />
    <None Include="emgExperimentalData\ahmed\counterclockwise\Samples1_stripped_processed.csv" />
    <None Include="emgExperimentalData\ahmed\counterclockwise\Samples1_stripped.csv" />
    <None Include="emgExperimentalData\ahmed\clockwise\Samples3_stripped_processed.csv" />
    <None Include="emgExperimentalData\ahmed\clockwise\Samples3_stripped.csv" />
    <None Include="emgExperimentalData\ahmed\clockwise\Samples2_stripped_processed.csv" />
    <None Include="emgExperimentalData\ahmed\clockwise\Samples2_stripped.csv" />
    <None Include="emgExperimentalData\ahmed\clockwise\Samples1_stripped_processed.csv" />
    <None Include="emgExperimentalData\ahmed\clockwise\Samples1_stripped.csv" />
    <None Include="emgExperimentalData\stacy\thumbsup\Samples2_stripped_processed.csv" />
    <None Include="emgExperimentalData\EightVector_Results.xlsx" />
    <None Include="emgExperimentalData\bash_history" />
    <None Include="emgExperimentalData\Fist.csv" />
    <None Include="emgExperimentalData\Horns.csv" />
    <None Include="emgExperimentalData\Peace.csv" />
    <None Include="emgExperimentalData\Thumb.csv" />
  </ItemGroup>
</Project>